--- 
dependencies: 
  activerecord: 
    group: 
    - :default
    version: = 2.3.7
  rack-proxy: 
    group: 
    - :default
    version: = 0.3.3
  oauth: 
    group: 
    - :default
    version: = 0.4.0
  rack: 
    group: 
    - :default
    version: = 1.1.0
specs: 
- activesupport: 
    version: 2.3.7
- activerecord: 
    version: 2.3.7
- oauth: 
    version: 0.4.0
- rack: 
    version: 1.1.0
- rack-proxy: 
    version: 0.3.3
hash: bd0f61cb1ae21831ce7bdf3568fac4eef92499df
sources: 
- Rubygems: 
    uri: http://gemcutter.org
